
Microsoft Visual Studio Solution File, Format Version 12.00
# Visual Studio Version 16
VisualStudioVersion = 16.0.28714.193
MinimumVisualStudioVersion = 10.0.40219.1
Project("{FAE04EC0-301F-11D3-BF4B-00C04F79EFBC}") = "XFPre4.Android", "XFPre4\XFPre4.Android\XFPre4.Android.csproj", "{F8EF2A75-C6F5-4B95-82B8-E73C1F2170F6}"
EndProject
Project("{FAE04EC0-301F-11D3-BF4B-00C04F79EFBC}") = "XFPre4.iOS", "XFPre4\XFPre4.iOS\XFPre4.iOS.csproj", "{57131BED-3870-45A0-A714-CF6A1FF663E9}"
EndProject
Project("{FAE04EC0-301F-11D3-BF4B-00C04F79EFBC}") = "XFPre4", "XFPre4\XFPre4\XFPre4.csproj", "{9B023EB0-65BD-4FD2-A431-56DC2E44A617}"
EndProject
Global
	GlobalSection(SolutionConfigurationPlatforms) = preSolution
		Debug|Any CPU = Debug|Any CPU
		Debug|iPhone = Debug|iPhone
		Debug|iPhoneSimulator = Debug|iPhoneSimulator
		Release|Any CPU = Release|Any CPU
		Release|iPhone = Release|iPhone
		Release|iPhoneSimulator = Release|iPhoneSimulator
	EndGlobalSection
	GlobalSection(ProjectConfigurationPlatforms) = postSolution
		{F8EF2A75-C6F5-4B95-82B8-E73C1F2170F6}.Debug|Any CPU.ActiveCfg = Debug|Any CPU
		{F8EF2A75-C6F5-4B95-82B8-E73C1F2170F6}.Debug|Any CPU.Build.0 = Debug|Any CPU
		{F8EF2A75-C6F5-4B95-82B8-E73C1F2170F6}.Debug|Any CPU.Deploy.0 = Debug|Any CPU
		{F8EF2A75-C6F5-4B95-82B8-E73C1F2170F6}.Debug|iPhone.ActiveCfg = Debug|Any CPU
		{F8EF2A75-C6F5-4B95-82B8-E73C1F2170F6}.Debug|iPhone.Build.0 = Debug|Any CPU
		{F8EF2A75-C6F5-4B95-82B8-E73C1F2170F6}.Debug|iPhone.Deploy.0 = Debug|Any CPU
		{F8EF2A75-C6F5-4B95-82B8-E73C1F2170F6}.Debug|iPhoneSimulator.ActiveCfg = Debug|Any CPU
		{F8EF2A75-C6F5-4B95-82B8-E73C1F2170F6}.Debug|iPhoneSimulator.Build.0 = Debug|Any CPU
		{F8EF2A75-C6F5-4B95-82B8-E73C1F2170F6}.Debug|iPhoneSimulator.Deploy.0 = Debug|Any CPU
		{F8EF2A75-C6F5-4B95-82B8-E73C1F2170F6}.Release|Any CPU.ActiveCfg = Release|Any CPU
		{F8EF2A75-C6F5-4B95-82B8-E73C1F2170F6}.Release|Any CPU.Build.0 = Release|Any CPU
		{F8EF2A75-C6F5-4B95-82B8-E73C1F2170F6}.Release|Any CPU.Deploy.0 = Release|Any CPU
		{F8EF2A75-C6F5-4B95-82B8-E73C1F2170F6}.Release|iPhone.ActiveCfg = Release|Any CPU
		{F8EF2A75-C6F5-4B95-82B8-E73C1F2170F6}.Release|iPhone.Build.0 = Release|Any CPU
		{F8EF2A75-C6F5-4B95-82B8-E73C1F2170F6}.Release|iPhone.Deploy.0 = Release|Any CPU
		{F8EF2A75-C6F5-4B95-82B8-E73C1F2170F6}.Release|iPhoneSimulator.ActiveCfg = Release|Any CPU
		{F8EF2A75-C6F5-4B95-82B8-E73C1F2170F6}.Release|iPhoneSimulator.Build.0 = Release|Any CPU
		{F8EF2A75-C6F5-4B95-82B8-E73C1F2170F6}.Release|iPhoneSimulator.Deploy.0 = Release|Any CPU
		{57131BED-3870-45A0-A714-CF6A1FF663E9}.Debug|Any CPU.ActiveCfg = Debug|iPhoneSimulator
		{57131BED-3870-45A0-A714-CF6A1FF663E9}.Debug|Any CPU.Build.0 = Debug|iPhoneSimulator
		{57131BED-3870-45A0-A714-CF6A1FF663E9}.Debug|Any CPU.Deploy.0 = Debug|iPhoneSimulator
		{57131BED-3870-45A0-A714-CF6A1FF663E9}.Debug|iPhone.ActiveCfg = Debug|iPhone
		{57131BED-3870-45A0-A714-CF6A1FF663E9}.Debug|iPhone.Build.0 = Debug|iPhone
		{57131BED-3870-45A0-A714-CF6A1FF663E9}.Debug|iPhone.Deploy.0 = Debug|iPhone
		{57131BED-3870-45A0-A714-CF6A1FF663E9}.Debug|iPhoneSimulator.ActiveCfg = Debug|iPhoneSimulator
		{57131BED-3870-45A0-A714-CF6A1FF663E9}.Debug|iPhoneSimulator.Build.0 = Debug|iPhoneSimulator
		{57131BED-3870-45A0-A714-CF6A1FF663E9}.Debug|iPhoneSimulator.Deploy.0 = Debug|iPhoneSimulator
		{57131BED-3870-45A0-A714-CF6A1FF663E9}.Release|Any CPU.ActiveCfg = Release|iPhone
		{57131BED-3870-45A0-A714-CF6A1FF663E9}.Release|Any CPU.Build.0 = Release|iPhone
		{57131BED-3870-45A0-A714-CF6A1FF663E9}.Release|Any CPU.Deploy.0 = Release|iPhone
		{57131BED-3870-45A0-A714-CF6A1FF663E9}.Release|iPhone.ActiveCfg = Release|iPhone
		{57131BED-3870-45A0-A714-CF6A1FF663E9}.Release|iPhone.Build.0 = Release|iPhone
		{57131BED-3870-45A0-A714-CF6A1FF663E9}.Release|iPhone.Deploy.0 = Release|iPhone
		{57131BED-3870-45A0-A714-CF6A1FF663E9}.Release|iPhoneSimulator.ActiveCfg = Release|iPhoneSimulator
		{57131BED-3870-45A0-A714-CF6A1FF663E9}.Release|iPhoneSimulator.Build.0 = Release|iPhoneSimulator
		{57131BED-3870-45A0-A714-CF6A1FF663E9}.Release|iPhoneSimulator.Deploy.0 = Release|iPhoneSimulator
		{9B023EB0-65BD-4FD2-A431-56DC2E44A617}.Debug|Any CPU.ActiveCfg = Debug|Any CPU
		{9B023EB0-65BD-4FD2-A431-56DC2E44A617}.Debug|Any CPU.Build.0 = Debug|Any CPU
		{9B023EB0-65BD-4FD2-A431-56DC2E44A617}.Debug|Any CPU.Deploy.0 = Debug|Any CPU
		{9B023EB0-65BD-4FD2-A431-56DC2E44A617}.Debug|iPhone.ActiveCfg = Debug|Any CPU
		{9B023EB0-65BD-4FD2-A431-56DC2E44A617}.Debug|iPhone.Build.0 = Debug|Any CPU
		{9B023EB0-65BD-4FD2-A431-56DC2E44A617}.Debug|iPhone.Deploy.0 = Debug|Any CPU
		{9B023EB0-65BD-4FD2-A431-56DC2E44A617}.Debug|iPhoneSimulator.ActiveCfg = Debug|Any CPU
		{9B023EB0-65BD-4FD2-A431-56DC2E44A617}.Debug|iPhoneSimulator.Build.0 = Debug|Any CPU
		{9B023EB0-65BD-4FD2-A431-56DC2E44A617}.Debug|iPhoneSimulator.Deploy.0 = Debug|Any CPU
		{9B023EB0-65BD-4FD2-A431-56DC2E44A617}.Release|Any CPU.ActiveCfg = Release|Any CPU
		{9B023EB0-65BD-4FD2-A431-56DC2E44A617}.Release|Any CPU.Build.0 = Release|Any CPU
		{9B023EB0-65BD-4FD2-A431-56DC2E44A617}.Release|Any CPU.Deploy.0 = Release|Any CPU
		{9B023EB0-65BD-4FD2-A431-56DC2E44A617}.Release|iPhone.ActiveCfg = Release|Any CPU
		{9B023EB0-65BD-4FD2-A431-56DC2E44A617}.Release|iPhone.Build.0 = Release|Any CPU
		{9B023EB0-65BD-4FD2-A431-56DC2E44A617}.Release|iPhone.Deploy.0 = Release|Any CPU
		{9B023EB0-65BD-4FD2-A431-56DC2E44A617}.Release|iPhoneSimulator.ActiveCfg = Release|Any CPU
		{9B023EB0-65BD-4FD2-A431-56DC2E44A617}.Release|iPhoneSimulator.Build.0 = Release|Any CPU
		{9B023EB0-65BD-4FD2-A431-56DC2E44A617}.Release|iPhoneSimulator.Deploy.0 = Release|Any CPU
	EndGlobalSection
	GlobalSection(SolutionProperties) = preSolution
		HideSolutionNode = FALSE
	EndGlobalSection
	GlobalSection(ExtensibilityGlobals) = postSolution
		SolutionGuid = {1BA8F62D-0BE5-4838-B0F2-3C5DB523BABC}
	EndGlobalSection
EndGlobal
